
Microsoft Visual Studio Solution File, Format Version 12.00
# Visual Studio 15
VisualStudioVersion = 15.0.27130.2024
MinimumVisualStudioVersion = 10.0.40219.1
Project("{FAE04EC0-301F-11D3-BF4B-00C04F79EFBC}") = "ChallengeSimpleCalculator", "ChallengeSimpleCalculator\ChallengeSimpleCalculator.csproj", "{7B19D36B-60BE-4251-AC31-0454A5BC7A7E}"
EndProject
Global
	GlobalSection(SolutionConfigurationPlatforms) = preSolution
		Debug|Any CPU = Debug|Any CPU
		Release|Any CPU = Release|Any CPU
	EndGlobalSection
	GlobalSection(ProjectConfigurationPlatforms) = postSolution
		{7B19D36B-60BE-4251-AC31-0454A5BC7A7E}.Debug|Any CPU.ActiveCfg = Debug|Any CPU
		{7B19D36B-60BE-4251-AC31-0454A5BC7A7E}.Debug|Any CPU.Build.0 = Debug|Any CPU
		{7B19D36B-60BE-4251-AC31-0454A5BC7A7E}.Release|Any CPU.ActiveCfg = Release|Any CPU
		{7B19D36B-60BE-4251-AC31-0454A5BC7A7E}.Release|Any CPU.Build.0 = Release|Any CPU
	EndGlobalSection
	GlobalSection(SolutionProperties) = preSolution
		HideSolutionNode = FALSE
	EndGlobalSection
	GlobalSection(ExtensibilityGlobals) = postSolution
		SolutionGuid = {AEDE47E8-C03E-4799-923F-CEA86FDED3BB}
	EndGlobalSection
EndGlobal
